
Microsoft Visual Studio Solution File, Format Version 12.00
# Visual Studio Version 17
VisualStudioVersion = 17.2.32526.322
MinimumVisualStudioVersion = 10.0.40219.1
Project("{8BC9CEB8-8B4A-11D0-8D11-00A0C91BC942}") = "LearnOCCT", "LearnOCCT.vcxproj", "{CA246FFE-4A87-4747-A162-C1A9E23E7123}"
EndProject
Project("{8BC9CEB8-8B4A-11D0-8D11-00A0C91BC942}") = "LearnQT", "LearnQT\LearnQT.vcxproj", "{6DBC79E4-B339-417E-899A-8FE704CC9453}"
EndProject
Global
	GlobalSection(SolutionConfigurationPlatforms) = preSolution
		Debug|x64 = Debug|x64
		Debug|x86 = Debug|x86
		Release|x64 = Release|x64
		Release|x86 = Release|x86
	EndGlobalSection
	GlobalSection(ProjectConfigurationPlatforms) = postSolution
		{CA246FFE-4A87-4747-A162-C1A9E23E7123}.Debug|x64.ActiveCfg = Debug|x64
		{CA246FFE-4A87-4747-A162-C1A9E23E7123}.Debug|x64.Build.0 = Debug|x64
		{CA246FFE-4A87-4747-A162-C1A9E23E7123}.Debug|x86.ActiveCfg = Debug|Win32
		{CA246FFE-4A87-4747-A162-C1A9E23E7123}.Debug|x86.Build.0 = Debug|Win32
		{CA246FFE-4A87-4747-A162-C1A9E23E7123}.Release|x64.ActiveCfg = Release|x64
		{CA246FFE-4A87-4747-A162-C1A9E23E7123}.Release|x64.Build.0 = Release|x64
		{CA246FFE-4A87-4747-A162-C1A9E23E7123}.Release|x86.ActiveCfg = Release|Win32
		{CA246FFE-4A87-4747-A162-C1A9E23E7123}.Release|x86.Build.0 = Release|Win32
		{6DBC79E4-B339-417E-899A-8FE704CC9453}.Debug|x64.ActiveCfg = Debug|x64
		{6DBC79E4-B339-417E-899A-8FE704CC9453}.Debug|x64.Build.0 = Debug|x64
		{6DBC79E4-B339-417E-899A-8FE704CC9453}.Debug|x86.ActiveCfg = Debug|x64
		{6DBC79E4-B339-417E-899A-8FE704CC9453}.Debug|x86.Build.0 = Debug|x64
		{6DBC79E4-B339-417E-899A-8FE704CC9453}.Release|x64.ActiveCfg = Release|x64
		{6DBC79E4-B339-417E-899A-8FE704CC9453}.Release|x64.Build.0 = Release|x64
		{6DBC79E4-B339-417E-899A-8FE704CC9453}.Release|x86.ActiveCfg = Release|x64
		{6DBC79E4-B339-417E-899A-8FE704CC9453}.Release|x86.Build.0 = Release|x64
	EndGlobalSection
	GlobalSection(SolutionProperties) = preSolution
		HideSolutionNode = FALSE
	EndGlobalSection
	GlobalSection(ExtensibilityGlobals) = postSolution
		SolutionGuid = {4D83400B-7AD4-407D-B2E8-865BA56CEE7E}
	EndGlobalSection
EndGlobal
